
Microsoft Visual Studio Solution File, Format Version 12.00
# Visual Studio Version 16
VisualStudioVersion = 16.0.33529.622
MinimumVisualStudioVersion = 10.0.40219.1
Project("{FAE04EC0-301F-11D3-BF4B-00C04F79EFBC}") = "Module7ValidIDProjectDL", "Module6MethodsProjectDL\Module7ValidIDProjectDL.csproj", "{FEC2A250-D5BB-4E3C-A120-F7725A37538A}"
EndProject
Global
	GlobalSection(SolutionConfigurationPlatforms) = preSolution
		Debug|Any CPU = Debug|Any CPU
		Release|Any CPU = Release|Any CPU
	EndGlobalSection
	GlobalSection(ProjectConfigurationPlatforms) = postSolution
		{FEC2A250-D5BB-4E3C-A120-F7725A37538A}.Debug|Any CPU.ActiveCfg = Debug|Any CPU
		{FEC2A250-D5BB-4E3C-A120-F7725A37538A}.Debug|Any CPU.Build.0 = Debug|Any CPU
		{FEC2A250-D5BB-4E3C-A120-F7725A37538A}.Release|Any CPU.ActiveCfg = Release|Any CPU
		{FEC2A250-D5BB-4E3C-A120-F7725A37538A}.Release|Any CPU.Build.0 = Release|Any CPU
	EndGlobalSection
	GlobalSection(SolutionProperties) = preSolution
		HideSolutionNode = FALSE
	EndGlobalSection
	GlobalSection(ExtensibilityGlobals) = postSolution
		SolutionGuid = {0BD6FE68-3317-48BE-84B6-190F7B101A29}
	EndGlobalSection
EndGlobal
