
Microsoft Visual Studio Solution File, Format Version 12.00
# Visual Studio Version 16
VisualStudioVersion = 16.0.33529.622
MinimumVisualStudioVersion = 10.0.40219.1
Project("{FAE04EC0-301F-11D3-BF4B-00C04F79EFBC}") = "Project5Williams", "Project5Williams\Project5Williams.csproj", "{0F1E2BF5-036D-4FEF-B15D-78B3026052AA}"
EndProject
Global
	GlobalSection(SolutionConfigurationPlatforms) = preSolution
		Debug|Any CPU = Debug|Any CPU
		Release|Any CPU = Release|Any CPU
	EndGlobalSection
	GlobalSection(ProjectConfigurationPlatforms) = postSolution
		{0F1E2BF5-036D-4FEF-B15D-78B3026052AA}.Debug|Any CPU.ActiveCfg = Debug|Any CPU
		{0F1E2BF5-036D-4FEF-B15D-78B3026052AA}.Debug|Any CPU.Build.0 = Debug|Any CPU
		{0F1E2BF5-036D-4FEF-B15D-78B3026052AA}.Release|Any CPU.ActiveCfg = Release|Any CPU
		{0F1E2BF5-036D-4FEF-B15D-78B3026052AA}.Release|Any CPU.Build.0 = Release|Any CPU
	EndGlobalSection
	GlobalSection(SolutionProperties) = preSolution
		HideSolutionNode = FALSE
	EndGlobalSection
	GlobalSection(ExtensibilityGlobals) = postSolution
		SolutionGuid = {502BE31F-BBEE-40F3-A53E-8F6302A3658C}
	EndGlobalSection
EndGlobal
