
Microsoft Visual Studio Solution File, Format Version 12.00
# Visual Studio Version 16
VisualStudioVersion = 16.0.33529.622
MinimumVisualStudioVersion = 10.0.40219.1
Project("{FAE04EC0-301F-11D3-BF4B-00C04F79EFBC}") = "Week2-Williams_Project", "Week2-Williams_Project\Week2-Williams_Project.csproj", "{DBD440D2-02D8-4C21-9301-8A562943D0D4}"
EndProject
Global
	GlobalSection(SolutionConfigurationPlatforms) = preSolution
		Debug|Any CPU = Debug|Any CPU
		Release|Any CPU = Release|Any CPU
	EndGlobalSection
	GlobalSection(ProjectConfigurationPlatforms) = postSolution
		{DBD440D2-02D8-4C21-9301-8A562943D0D4}.Debug|Any CPU.ActiveCfg = Debug|Any CPU
		{DBD440D2-02D8-4C21-9301-8A562943D0D4}.Debug|Any CPU.Build.0 = Debug|Any CPU
		{DBD440D2-02D8-4C21-9301-8A562943D0D4}.Release|Any CPU.ActiveCfg = Release|Any CPU
		{DBD440D2-02D8-4C21-9301-8A562943D0D4}.Release|Any CPU.Build.0 = Release|Any CPU
	EndGlobalSection
	GlobalSection(SolutionProperties) = preSolution
		HideSolutionNode = FALSE
	EndGlobalSection
	GlobalSection(ExtensibilityGlobals) = postSolution
		SolutionGuid = {C9157245-2802-48AE-ABB4-7DA981075A1D}
	EndGlobalSection
EndGlobal
