
Microsoft Visual Studio Solution File, Format Version 12.00
# Visual Studio Version 16
VisualStudioVersion = 16.0.33529.622
MinimumVisualStudioVersion = 10.0.40219.1
Project("{FAE04EC0-301F-11D3-BF4B-00C04F79EFBC}") = "Wk4to7ConversionProject", "Wk4to7ConversionProject\Wk4to7ConversionProject.csproj", "{D9937F86-138E-41A4-A3E8-64D43780FE04}"
EndProject
Global
	GlobalSection(SolutionConfigurationPlatforms) = preSolution
		Debug|Any CPU = Debug|Any CPU
		Release|Any CPU = Release|Any CPU
	EndGlobalSection
	GlobalSection(ProjectConfigurationPlatforms) = postSolution
		{D9937F86-138E-41A4-A3E8-64D43780FE04}.Debug|Any CPU.ActiveCfg = Debug|Any CPU
		{D9937F86-138E-41A4-A3E8-64D43780FE04}.Debug|Any CPU.Build.0 = Debug|Any CPU
		{D9937F86-138E-41A4-A3E8-64D43780FE04}.Release|Any CPU.ActiveCfg = Release|Any CPU
		{D9937F86-138E-41A4-A3E8-64D43780FE04}.Release|Any CPU.Build.0 = Release|Any CPU
	EndGlobalSection
	GlobalSection(SolutionProperties) = preSolution
		HideSolutionNode = FALSE
	EndGlobalSection
	GlobalSection(ExtensibilityGlobals) = postSolution
		SolutionGuid = {B458ED01-A93E-4EAC-AA1D-B2BC44F07221}
	EndGlobalSection
EndGlobal
